
Microsoft Visual Studio Solution File, Format Version 12.00
Project("{FAE04EC0-301F-11D3-BF4B-00C04F79EFBC}") = "MultiPosting.Api", "src\MultiPosting\MultiPosting.Api\MultiPosting.Api.csproj", "{4F0E46E7-81E9-430B-A73A-22FB31785A8C}"
EndProject
Project("{FAE04EC0-301F-11D3-BF4B-00C04F79EFBC}") = "IdentityServer.Api", "src\IdentityServer\IdentityServer.Api\IdentityServer.Api.csproj", "{734C2A80-D9FE-420F-83A1-5BC9C1E63F5B}"
EndProject
Project("{2150E333-8FDC-42A3-9474-1A3956D46DE8}") = "MultiPosting", "MultiPosting", "{163551FC-DDF0-411B-A19F-D2D6C1ED628C}"
EndProject
Project("{2150E333-8FDC-42A3-9474-1A3956D46DE8}") = "Identity", "Identity", "{655B8717-2580-4887-AE1C-AE060D6F6ADF}"
EndProject
Project("{FAE04EC0-301F-11D3-BF4B-00C04F79EFBC}") = "IdentityServer.Infrastructure", "src\IdentityServer\IdentityServer.Infrastructure\IdentityServer.Infrastructure.csproj", "{60FAF448-96A5-483F-8E99-F6BD94BA6EF8}"
EndProject
Project("{FAE04EC0-301F-11D3-BF4B-00C04F79EFBC}") = "MultiPosting.Infrastructure", "src\MultiPosting\MultiPosting.Infrastructure\MultiPosting.Infrastructure.csproj", "{6D4E7CD8-FFCA-4AF0-AFF5-AD9DDE78B638}"
EndProject
Project("{FAE04EC0-301F-11D3-BF4B-00C04F79EFBC}") = "MultiPosting.Application", "src\MultiPosting\MultiPosting.Application\MultiPosting.Application.csproj", "{52CE0218-7EE9-4CFF-8DDB-7F0E645F4BE5}"
EndProject
Project("{2150E333-8FDC-42A3-9474-1A3956D46DE8}") = "Solution Items", "Solution Items", "{574DAFCF-E270-4A7D-ADAB-9209B4BB4270}"
	ProjectSection(SolutionItems) = preProject
		src\Solution Items\docker-compose.yml = src\Solution Items\docker-compose.yml
		src\Solution Items\.env = src\Solution Items\.env
	EndProjectSection
EndProject
Project("{FAE04EC0-301F-11D3-BF4B-00C04F79EFBC}") = "IdentityServer.Application", "src\IdentityServer\IdentityServer.Application\IdentityServer.Application.csproj", "{93382281-FCC1-4E88-AE74-B7C31A38F7E7}"
EndProject
Project("{FAE04EC0-301F-11D3-BF4B-00C04F79EFBC}") = "IdentityMigrator", "src\IdentityServer\IdentityMigrator\IdentityMigrator.csproj", "{60C84125-0E68-4CBA-ADDC-21BFFE99FB96}"
EndProject
Project("{2150E333-8FDC-42A3-9474-1A3956D46DE8}") = "Shared", "Shared", "{6E06ABD6-9882-4822-8EFE-220B836DBA9D}"
EndProject
Project("{FAE04EC0-301F-11D3-BF4B-00C04F79EFBC}") = "Shared.Infrastructure", "Shared\Shared.Infrastructure\Shared.Infrastructure.csproj", "{7DF70B69-703C-4856-93B8-CCF84FCE2BB0}"
EndProject
Project("{FAE04EC0-301F-11D3-BF4B-00C04F79EFBC}") = "Share.Application", "Shared\Share.Application\Share.Application.csproj", "{1BB3CA1B-9328-4AE3-AE53-38652246A8E1}"
EndProject
Global
	GlobalSection(SolutionConfigurationPlatforms) = preSolution
		Debug|Any CPU = Debug|Any CPU
		Release|Any CPU = Release|Any CPU
	EndGlobalSection
	GlobalSection(ProjectConfigurationPlatforms) = postSolution
		{4F0E46E7-81E9-430B-A73A-22FB31785A8C}.Debug|Any CPU.ActiveCfg = Debug|Any CPU
		{4F0E46E7-81E9-430B-A73A-22FB31785A8C}.Debug|Any CPU.Build.0 = Debug|Any CPU
		{4F0E46E7-81E9-430B-A73A-22FB31785A8C}.Release|Any CPU.ActiveCfg = Release|Any CPU
		{4F0E46E7-81E9-430B-A73A-22FB31785A8C}.Release|Any CPU.Build.0 = Release|Any CPU
		{734C2A80-D9FE-420F-83A1-5BC9C1E63F5B}.Debug|Any CPU.ActiveCfg = Debug|Any CPU
		{734C2A80-D9FE-420F-83A1-5BC9C1E63F5B}.Debug|Any CPU.Build.0 = Debug|Any CPU
		{734C2A80-D9FE-420F-83A1-5BC9C1E63F5B}.Release|Any CPU.ActiveCfg = Release|Any CPU
		{734C2A80-D9FE-420F-83A1-5BC9C1E63F5B}.Release|Any CPU.Build.0 = Release|Any CPU
		{60FAF448-96A5-483F-8E99-F6BD94BA6EF8}.Debug|Any CPU.ActiveCfg = Debug|Any CPU
		{60FAF448-96A5-483F-8E99-F6BD94BA6EF8}.Debug|Any CPU.Build.0 = Debug|Any CPU
		{60FAF448-96A5-483F-8E99-F6BD94BA6EF8}.Release|Any CPU.ActiveCfg = Release|Any CPU
		{60FAF448-96A5-483F-8E99-F6BD94BA6EF8}.Release|Any CPU.Build.0 = Release|Any CPU
		{6D4E7CD8-FFCA-4AF0-AFF5-AD9DDE78B638}.Debug|Any CPU.ActiveCfg = Debug|Any CPU
		{6D4E7CD8-FFCA-4AF0-AFF5-AD9DDE78B638}.Debug|Any CPU.Build.0 = Debug|Any CPU
		{6D4E7CD8-FFCA-4AF0-AFF5-AD9DDE78B638}.Release|Any CPU.ActiveCfg = Release|Any CPU
		{6D4E7CD8-FFCA-4AF0-AFF5-AD9DDE78B638}.Release|Any CPU.Build.0 = Release|Any CPU
		{52CE0218-7EE9-4CFF-8DDB-7F0E645F4BE5}.Debug|Any CPU.ActiveCfg = Debug|Any CPU
		{52CE0218-7EE9-4CFF-8DDB-7F0E645F4BE5}.Debug|Any CPU.Build.0 = Debug|Any CPU
		{52CE0218-7EE9-4CFF-8DDB-7F0E645F4BE5}.Release|Any CPU.ActiveCfg = Release|Any CPU
		{52CE0218-7EE9-4CFF-8DDB-7F0E645F4BE5}.Release|Any CPU.Build.0 = Release|Any CPU
		{93382281-FCC1-4E88-AE74-B7C31A38F7E7}.Debug|Any CPU.ActiveCfg = Debug|Any CPU
		{93382281-FCC1-4E88-AE74-B7C31A38F7E7}.Debug|Any CPU.Build.0 = Debug|Any CPU
		{93382281-FCC1-4E88-AE74-B7C31A38F7E7}.Release|Any CPU.ActiveCfg = Release|Any CPU
		{93382281-FCC1-4E88-AE74-B7C31A38F7E7}.Release|Any CPU.Build.0 = Release|Any CPU
		{60C84125-0E68-4CBA-ADDC-21BFFE99FB96}.Debug|Any CPU.ActiveCfg = Debug|Any CPU
		{60C84125-0E68-4CBA-ADDC-21BFFE99FB96}.Debug|Any CPU.Build.0 = Debug|Any CPU
		{60C84125-0E68-4CBA-ADDC-21BFFE99FB96}.Release|Any CPU.ActiveCfg = Release|Any CPU
		{60C84125-0E68-4CBA-ADDC-21BFFE99FB96}.Release|Any CPU.Build.0 = Release|Any CPU
		{7DF70B69-703C-4856-93B8-CCF84FCE2BB0}.Debug|Any CPU.ActiveCfg = Debug|Any CPU
		{7DF70B69-703C-4856-93B8-CCF84FCE2BB0}.Debug|Any CPU.Build.0 = Debug|Any CPU
		{7DF70B69-703C-4856-93B8-CCF84FCE2BB0}.Release|Any CPU.ActiveCfg = Release|Any CPU
		{7DF70B69-703C-4856-93B8-CCF84FCE2BB0}.Release|Any CPU.Build.0 = Release|Any CPU
		{1BB3CA1B-9328-4AE3-AE53-38652246A8E1}.Debug|Any CPU.ActiveCfg = Debug|Any CPU
		{1BB3CA1B-9328-4AE3-AE53-38652246A8E1}.Debug|Any CPU.Build.0 = Debug|Any CPU
		{1BB3CA1B-9328-4AE3-AE53-38652246A8E1}.Release|Any CPU.ActiveCfg = Release|Any CPU
		{1BB3CA1B-9328-4AE3-AE53-38652246A8E1}.Release|Any CPU.Build.0 = Release|Any CPU
	EndGlobalSection
	GlobalSection(NestedProjects) = preSolution
		{4F0E46E7-81E9-430B-A73A-22FB31785A8C} = {163551FC-DDF0-411B-A19F-D2D6C1ED628C}
		{734C2A80-D9FE-420F-83A1-5BC9C1E63F5B} = {655B8717-2580-4887-AE1C-AE060D6F6ADF}
		{60FAF448-96A5-483F-8E99-F6BD94BA6EF8} = {655B8717-2580-4887-AE1C-AE060D6F6ADF}
		{6D4E7CD8-FFCA-4AF0-AFF5-AD9DDE78B638} = {163551FC-DDF0-411B-A19F-D2D6C1ED628C}
		{52CE0218-7EE9-4CFF-8DDB-7F0E645F4BE5} = {163551FC-DDF0-411B-A19F-D2D6C1ED628C}
		{93382281-FCC1-4E88-AE74-B7C31A38F7E7} = {655B8717-2580-4887-AE1C-AE060D6F6ADF}
		{60C84125-0E68-4CBA-ADDC-21BFFE99FB96} = {655B8717-2580-4887-AE1C-AE060D6F6ADF}
		{7DF70B69-703C-4856-93B8-CCF84FCE2BB0} = {6E06ABD6-9882-4822-8EFE-220B836DBA9D}
		{1BB3CA1B-9328-4AE3-AE53-38652246A8E1} = {6E06ABD6-9882-4822-8EFE-220B836DBA9D}
	EndGlobalSection
EndGlobal
